{
  "name": "internship",
  "lockfileVersion": 3,
  "requires": true,
  "packages": {
    "": {
      "dependencies": {
        "react-simple-star-rating": "^5.1.7"
      }
    },
    "node_modules/react-simple-star-rating": {
      "version": "5.1.7",
      "resolved": "https://registry.npmjs.org/react-simple-star-rating/-/react-simple-star-rating-5.1.7.tgz",
      "integrity": "sha512-NTFkW8W3uwvI82Fv7JW5i7gmDjEZKxJmj+Z9vn+BjYIXT6ILdnU9qnSUP2cWrWN/WAUlue81f9SgM4CQcenltQ==",
      "engines": {
        "node": ">=14"
      },
      "peerDependencies": {
        "react": ">=18.0.0",
        "react-dom": ">=18.0.0"
      }
    }
  }
}
